
Microsoft Visual Studio Solution File, Format Version 12.00
# Visual Studio 15
VisualStudioVersion = 15.0.27130.2010
MinimumVisualStudioVersion = 10.0.40219.1
Project("{FAE04EC0-301F-11D3-BF4B-00C04F79EFBC}") = "EIDAReaderWinForms", "EIDAReaderWinForms\EIDAReaderWinForms.csproj", "{C6948AAF-D69A-4567-A977-2EF70AFF2CAC}"
EndProject
Global
	GlobalSection(SolutionConfigurationPlatforms) = preSolution
		Debug|Any CPU = Debug|Any CPU
		Release|Any CPU = Release|Any CPU
	EndGlobalSection
	GlobalSection(ProjectConfigurationPlatforms) = postSolution
		{C6948AAF-D69A-4567-A977-2EF70AFF2CAC}.Debug|Any CPU.ActiveCfg = Debug|Any CPU
		{C6948AAF-D69A-4567-A977-2EF70AFF2CAC}.Debug|Any CPU.Build.0 = Debug|Any CPU
		{C6948AAF-D69A-4567-A977-2EF70AFF2CAC}.Release|Any CPU.ActiveCfg = Release|Any CPU
		{C6948AAF-D69A-4567-A977-2EF70AFF2CAC}.Release|Any CPU.Build.0 = Release|Any CPU
	EndGlobalSection
	GlobalSection(SolutionProperties) = preSolution
		HideSolutionNode = FALSE
	EndGlobalSection
	GlobalSection(ExtensibilityGlobals) = postSolution
		SolutionGuid = {942C2A56-9C73-40C6-BF7F-84C4413384E0}
	EndGlobalSection
EndGlobal
